<Solution>
  <Folder Name="/bench/">
    <Project Path="bench/Tessera.Benchmarks/Tessera.Benchmarks.csproj" />
  </Folder>
  <Folder Name="/src/">
    <Project Path="src/Tessera.Core/Tessera.Core.csproj" />
  </Folder>
  <Folder Name="/tests/">
    <Project Path="tests/Tessera.Tests/Tessera.Tests.csproj" />
  </Folder>
</Solution>
